// !$*UTF8*$!
{
	archiveVersion = 1;
	classes = {
	};
	objectVersion = 56;
	objects = {

/* Begin PBXBuildFile section */
		31E1709E2AAFA68D000A3805 /* AppDelegate.swift in Sources */ = {isa = PBXBuildFile; fileRef = 31E1709D2AAFA68D000A3805 /* AppDelegate.swift */; };
		31E170A02AAFA68D000A3805 /* SceneDelegate.swift in Sources */ = {isa = PBXBuildFile; fileRef = 31E1709F2AAFA68D000A3805 /* SceneDelegate.swift */; };
		31E170A22AAFA68D000A3805 /* FirstScreenViewController.swift in Sources */ = {isa = PBXBuildFile; fileRef = 31E170A12AAFA68D000A3805 /* FirstScreenViewController.swift */; };
		31E170A72AAFA68F000A3805 /* Assets.xcassets in Resources */ = {isa = PBXBuildFile; fileRef = 31E170A62AAFA68F000A3805 /* Assets.xcassets */; };
		31E170AA2AAFA690000A3805 /* LaunchScreen.storyboard in Resources */ = {isa = PBXBuildFile; fileRef = 31E170A82AAFA690000A3805 /* LaunchScreen.storyboard */; };
		31E170B92AB89A70000A3805 /* Model.xcdatamodeld in Sources */ = {isa = PBXBuildFile; fileRef = 31E170B72AB89A70000A3805 /* Model.xcdatamodeld */; };
		31E170BF2AB98D62000A3805 /* ProfileViewController.swift in Sources */ = {isa = PBXBuildFile; fileRef = 31E170BE2AB98D62000A3805 /* ProfileViewController.swift */; };
		31E170C12AB9903A000A3805 /* Models.swift in Sources */ = {isa = PBXBuildFile; fileRef = 31E170C02AB9903A000A3805 /* Models.swift */; };
		31E170C32AB9A0C3000A3805 /* CoreData.swift in Sources */ = {isa = PBXBuildFile; fileRef = 31E170C22AB9A0C3000A3805 /* CoreData.swift */; };
		31E170C52AB9C45C000A3805 /* CellFirstView.swift in Sources */ = {isa = PBXBuildFile; fileRef = 31E170C42AB9C45C000A3805 /* CellFirstView.swift */; };
		31E170C72ABA119A000A3805 /* NameTableViewCell.swift in Sources */ = {isa = PBXBuildFile; fileRef = 31E170C62ABA119A000A3805 /* NameTableViewCell.swift */; };
		31E170CA2ABA14DE000A3805 /* BirthDateTableViewCell.swift in Sources */ = {isa = PBXBuildFile; fileRef = 31E170C92ABA14DE000A3805 /* BirthDateTableViewCell.swift */; };
		31E170CC2ABA164F000A3805 /* GenderTableViewCell.swift in Sources */ = {isa = PBXBuildFile; fileRef = 31E170CB2ABA164F000A3805 /* GenderTableViewCell.swift */; };
/* End PBXBuildFile section */

/* Begin PBXFileReference section */
		31E1709A2AAFA68D000A3805 /* iOS10-HW22 IsakovAnton.app */ = {isa = PBXFileReference; explicitFileType = wrapper.application; includeInIndex = 0; path = "iOS10-HW22 IsakovAnton.app"; sourceTree = BUILT_PRODUCTS_DIR; };
		31E1709D2AAFA68D000A3805 /* AppDelegate.swift */ = {isa = PBXFileReference; lastKnownFileType = sourcecode.swift; path = AppDelegate.swift; sourceTree = "<group>"; };
		31E1709F2AAFA68D000A3805 /* SceneDelegate.swift */ = {isa = PBXFileReference; lastKnownFileType = sourcecode.swift; path = SceneDelegate.swift; sourceTree = "<group>"; };
		31E170A12AAFA68D000A3805 /* FirstScreenViewController.swift */ = {isa = PBXFileReference; lastKnownFileType = sourcecode.swift; path = FirstScreenViewController.swift; sourceTree = "<group>"; };
		31E170A62AAFA68F000A3805 /* Assets.xcassets */ = {isa = PBXFileReference; lastKnownFileType = folder.assetcatalog; path = Assets.xcassets; sourceTree = "<group>"; };
		31E170A92AAFA690000A3805 /* Base */ = {isa = PBXFileReference; lastKnownFileType = file.storyboard; name = Base; path = Base.lproj/LaunchScreen.storyboard; sourceTree = "<group>"; };
		31E170AB2AAFA690000A3805 /* Info.plist */ = {isa = PBXFileReference; lastKnownFileType = text.plist.xml; path = Info.plist; sourceTree = "<group>"; };
		31E170B82AB89A70000A3805 /* Model.xcdatamodel */ = {isa = PBXFileReference; lastKnownFileType = wrapper.xcdatamodel; path = Model.xcdatamodel; sourceTree = "<group>"; };
		31E170BE2AB98D62000A3805 /* ProfileViewController.swift */ = {isa = PBXFileReference; lastKnownFileType = sourcecode.swift; path = ProfileViewController.swift; sourceTree = "<group>"; };
		31E170C02AB9903A000A3805 /* Models.swift */ = {isa = PBXFileReference; lastKnownFileType = sourcecode.swift; path = Models.swift; sourceTree = "<group>"; };
		31E170C22AB9A0C3000A3805 /* CoreData.swift */ = {isa = PBXFileReference; lastKnownFileType = sourcecode.swift; path = CoreData.swift; sourceTree = "<group>"; };
		31E170C42AB9C45C000A3805 /* CellFirstView.swift */ = {isa = PBXFileReference; lastKnownFileType = sourcecode.swift; path = CellFirstView.swift; sourceTree = "<group>"; };
		31E170C62ABA119A000A3805 /* NameTableViewCell.swift */ = {isa = PBXFileReference; lastKnownFileType = sourcecode.swift; path = NameTableViewCell.swift; sourceTree = "<group>"; };
		31E170C92ABA14DE000A3805 /* BirthDateTableViewCell.swift */ = {isa = PBXFileReference; lastKnownFileType = sourcecode.swift; path = BirthDateTableViewCell.swift; sourceTree = "<group>"; };
		31E170CB2ABA164F000A3805 /* GenderTableViewCell.swift */ = {isa = PBXFileReference; lastKnownFileType = sourcecode.swift; path = GenderTableViewCell.swift; sourceTree = "<group>"; };
/* End PBXFileReference section */

/* Begin PBXFrameworksBuildPhase section */
		31E170972AAFA68D000A3805 /* Frameworks */ = {
			isa = PBXFrameworksBuildPhase;
			buildActionMask = 2147483647;
			files = (
			);
			runOnlyForDeploymentPostprocessing = 0;
		};
/* End PBXFrameworksBuildPhase section */

/* Begin PBXGroup section */
		31E170912AAFA68C000A3805 = {
			isa = PBXGroup;
			children = (
				31E1709C2AAFA68D000A3805 /* iOS10-HW22 IsakovAnton */,
				31E1709B2AAFA68D000A3805 /* Products */,
			);
			sourceTree = "<group>";
		};
		31E1709B2AAFA68D000A3805 /* Products */ = {
			isa = PBXGroup;
			children = (
				31E1709A2AAFA68D000A3805 /* iOS10-HW22 IsakovAnton.app */,
			);
			name = Products;
			sourceTree = "<group>";
		};
		31E1709C2AAFA68D000A3805 /* iOS10-HW22 IsakovAnton */ = {
			isa = PBXGroup;
			children = (
				31E170B62AB23B5E000A3805 /* Sourses */,
				31E170A12AAFA68D000A3805 /* FirstScreenViewController.swift */,
				31E170BE2AB98D62000A3805 /* ProfileViewController.swift */,
				31E170C02AB9903A000A3805 /* Models.swift */,
				31E170C82ABA11AA000A3805 /* Cells */,
				31E170C22AB9A0C3000A3805 /* CoreData.swift */,
				31E170B72AB89A70000A3805 /* Model.xcdatamodeld */,
				31E170B52AB23B38000A3805 /* Resourses */,
			);
			path = "iOS10-HW22 IsakovAnton";
			sourceTree = "<group>";
		};
		31E170B42AB23B32000A3805 /* App */ = {
			isa = PBXGroup;
			children = (
				31E1709D2AAFA68D000A3805 /* AppDelegate.swift */,
				31E1709F2AAFA68D000A3805 /* SceneDelegate.swift */,
			);
			path = App;
			sourceTree = "<group>";
		};
		31E170B52AB23B38000A3805 /* Resourses */ = {
			isa = PBXGroup;
			children = (
				31E170A62AAFA68F000A3805 /* Assets.xcassets */,
				31E170A82AAFA690000A3805 /* LaunchScreen.storyboard */,
				31E170AB2AAFA690000A3805 /* Info.plist */,
			);
			path = Resourses;
			sourceTree = "<group>";
		};
		31E170B62AB23B5E000A3805 /* Sourses */ = {
			isa = PBXGroup;
			children = (
				31E170B42AB23B32000A3805 /* App */,
			);
			path = Sourses;
			sourceTree = "<group>";
		};
		31E170C82ABA11AA000A3805 /* Cells */ = {
			isa = PBXGroup;
			children = (
				31E170C42AB9C45C000A3805 /* CellFirstView.swift */,
				31E170C62ABA119A000A3805 /* NameTableViewCell.swift */,
				31E170C92ABA14DE000A3805 /* BirthDateTableViewCell.swift */,
				31E170CB2ABA164F000A3805 /* GenderTableViewCell.swift */,
			);
			path = Cells;
			sourceTree = "<group>";
		};
/* End PBXGroup section */

/* Begin PBXNativeTarget section */
		31E170992AAFA68D000A3805 /* iOS10-HW22 IsakovAnton */ = {
			isa = PBXNativeTarget;
			buildConfigurationList = 31E170AE2AAFA690000A3805 /* Build configuration list for PBXNativeTarget "iOS10-HW22 IsakovAnton" */;
			buildPhases = (
				31E170962AAFA68D000A3805 /* Sources */,
				31E170972AAFA68D000A3805 /* Frameworks */,
				31E170982AAFA68D000A3805 /* Resources */,
			);
			buildRules = (
			);
			dependencies = (
			);
			name = "iOS10-HW22 IsakovAnton";
			productName = "iOS10-HW22 IsakovAnton";
			productReference = 31E1709A2AAFA68D000A3805 /* iOS10-HW22 IsakovAnton.app */;
			productType = "com.apple.product-type.application";
		};
/* End PBXNativeTarget section */

/* Begin PBXProject section */
		31E170922AAFA68C000A3805 /* Project object */ = {
			isa = PBXProject;
			attributes = {
				BuildIndependentTargetsInParallel = 1;
				LastSwiftUpdateCheck = 1430;
				LastUpgradeCheck = 1430;
				TargetAttributes = {
					31E170992AAFA68D000A3805 = {
						CreatedOnToolsVersion = 14.3.1;
					};
				};
			};
			buildConfigurationList = 31E170952AAFA68C000A3805 /* Build configuration list for PBXProject "iOS10-HW22 IsakovAnton" */;
			compatibilityVersion = "Xcode 14.0";
			developmentRegion = en;
			hasScannedForEncodings = 0;
			knownRegions = (
				en,
				Base,
			);
			mainGroup = 31E170912AAFA68C000A3805;
			productRefGroup = 31E1709B2AAFA68D000A3805 /* Products */;
			projectDirPath = "";
			projectRoot = "";
			targets = (
				31E170992AAFA68D000A3805 /* iOS10-HW22 IsakovAnton */,
			);
		};
/* End PBXProject section */

/* Begin PBXResourcesBuildPhase section */
		31E170982AAFA68D000A3805 /* Resources */ = {
			isa = PBXResourcesBuildPhase;
			buildActionMask = 2147483647;
			files = (
				31E170AA2AAFA690000A3805 /* LaunchScreen.storyboard in Resources */,
				31E170A72AAFA68F000A3805 /* Assets.xcassets in Resources */,
			);
			runOnlyForDeploymentPostprocessing = 0;
		};
/* End PBXResourcesBuildPhase section */

/* Begin PBXSourcesBuildPhase section */
		31E170962AAFA68D000A3805 /* Sources */ = {
			isa = PBXSourcesBuildPhase;
			buildActionMask = 2147483647;
			files = (
				31E170CA2ABA14DE000A3805 /* BirthDateTableViewCell.swift in Sources */,
				31E170C72ABA119A000A3805 /* NameTableViewCell.swift in Sources */,
				31E170A22AAFA68D000A3805 /* FirstScreenViewController.swift in Sources */,
				31E1709E2AAFA68D000A3805 /* AppDelegate.swift in Sources */,
				31E170C12AB9903A000A3805 /* Models.swift in Sources */,
				31E170C32AB9A0C3000A3805 /* CoreData.swift in Sources */,
				31E170A02AAFA68D000A3805 /* SceneDelegate.swift in Sources */,
				31E170CC2ABA164F000A3805 /* GenderTableViewCell.swift in Sources */,
				31E170BF2AB98D62000A3805 /* ProfileViewController.swift in Sources */,
				31E170C52AB9C45C000A3805 /* CellFirstView.swift in Sources */,
				31E170B92AB89A70000A3805 /* Model.xcdatamodeld in Sources */,
			);
			runOnlyForDeploymentPostprocessing = 0;
		};
/* End PBXSourcesBuildPhase section */

/* Begin PBXVariantGroup section */
		31E170A82AAFA690000A3805 /* LaunchScreen.storyboard */ = {
			isa = PBXVariantGroup;
			children = (
				31E170A92AAFA690000A3805 /* Base */,
			);
			name = LaunchScreen.storyboard;
			sourceTree = "<group>";
		};
/* End PBXVariantGroup section */

/* Begin XCBuildConfiguration section */
		31E170AC2AAFA690000A3805 /* Debug */ = {
			isa = XCBuildConfiguration;
			buildSettings = {
				ALWAYS_SEARCH_USER_PATHS = NO;
				CLANG_ANALYZER_NONNULL = YES;
				CLANG_ANALYZER_NUMBER_OBJECT_CONVERSION = YES_AGGRESSIVE;
				CLANG_CXX_LANGUAGE_STANDARD = "gnu++20";
				CLANG_ENABLE_MODULES = YES;
				CLANG_ENABLE_OBJC_ARC = YES;
				CLANG_ENABLE_OBJC_WEAK = YES;
				CLANG_WARN_BLOCK_CAPTURE_AUTORELEASING = YES;
				CLANG_WARN_BOOL_CONVERSION = YES;
				CLANG_WARN_COMMA = YES;
				CLANG_WARN_CONSTANT_CONVERSION = YES;
				CLANG_WARN_DEPRECATED_OBJC_IMPLEMENTATIONS = YES;
				CLANG_WARN_DIRECT_OBJC_ISA_USAGE = YES_ERROR;
				CLANG_WARN_DOCUMENTATION_COMMENTS = YES;
				CLANG_WARN_EMPTY_BODY = YES;
				CLANG_WARN_ENUM_CONVERSION = YES;
				CLANG_WARN_INFINITE_RECURSION = YES;
				CLANG_WARN_INT_CONVERSION = YES;
				CLANG_WARN_NON_LITERAL_NULL_CONVERSION = YES;
				CLANG_WARN_OBJC_IMPLICIT_RETAIN_SELF = YES;
				CLANG_WARN_OBJC_LITERAL_CONVERSION = YES;
				CLANG_WARN_OBJC_ROOT_CLASS = YES_ERROR;
				CLANG_WARN_QUOTED_INCLUDE_IN_FRAMEWORK_HEADER = YES;
				CLANG_WARN_RANGE_LOOP_ANALYSIS = YES;
				CLANG_WARN_STRICT_PROTOTYPES = YES;
				CLANG_WARN_SUSPICIOUS_MOVE = YES;
				CLANG_WARN_UNGUARDED_AVAILABILITY = YES_AGGRESSIVE;
				CLANG_WARN_UNREACHABLE_CODE = YES;
				CLANG_WARN__DUPLICATE_METHOD_MATCH = YES;
				COPY_PHASE_STRIP = NO;
				DEBUG_INFORMATION_FORMAT = dwarf;
				ENABLE_STRICT_OBJC_MSGSEND = YES;
				ENABLE_TESTABILITY = YES;
				GCC_C_LANGUAGE_STANDARD = gnu11;
				GCC_DYNAMIC_NO_PIC = NO;
				GCC_NO_COMMON_BLOCKS = YES;
				GCC_OPTIMIZATION_LEVEL = 0;
				GCC_PREPROCESSOR_DEFINITIONS = (
					"DEBUG=1",
					"$(inherited)",
				);
				GCC_WARN_64_TO_32_BIT_CONVERSION = YES;
				GCC_WARN_ABOUT_RETURN_TYPE = YES_ERROR;
				GCC_WARN_UNDECLARED_SELECTOR = YES;
				GCC_WARN_UNINITIALIZED_AUTOS = YES_AGGRESSIVE;
				GCC_WARN_UNUSED_FUNCTION = YES;
				GCC_WARN_UNUSED_VARIABLE = YES;
				IPHONEOS_DEPLOYMENT_TARGET = 16.4;
				MTL_ENABLE_DEBUG_INFO = INCLUDE_SOURCE;
				MTL_FAST_MATH = YES;
				ONLY_ACTIVE_ARCH = YES;
				SDKROOT = iphoneos;
				SWIFT_ACTIVE_COMPILATION_CONDITIONS = DEBUG;
				SWIFT_OPTIMIZATION_LEVEL = "-Onone";
			};
			name = Debug;
		};
		31E170AD2AAFA690000A3805 /* Release */ = {
			isa = XCBuildConfiguration;
			buildSettings = {
				ALWAYS_SEARCH_USER_PATHS = NO;
				CLANG_ANALYZER_NONNULL = YES;
				CLANG_ANALYZER_NUMBER_OBJECT_CONVERSION = YES_AGGRESSIVE;
				CLANG_CXX_LANGUAGE_STANDARD = "gnu++20";
				CLANG_ENABLE_MODULES = YES;
				CLANG_ENABLE_OBJC_ARC = YES;
				CLANG_ENABLE_OBJC_WEAK = YES;
				CLANG_WARN_BLOCK_CAPTURE_AUTORELEASING = YES;
				CLANG_WARN_BOOL_CONVERSION = YES;
				CLANG_WARN_COMMA = YES;
				CLANG_WARN_CONSTANT_CONVERSION = YES;
				CLANG_WARN_DEPRECATED_OBJC_IMPLEMENTATIONS = YES;
				CLANG_WARN_DIRECT_OBJC_ISA_USAGE = YES_ERROR;
				CLANG_WARN_DOCUMENTATION_COMMENTS = YES;
				CLANG_WARN_EMPTY_BODY = YES;
				CLANG_WARN_ENUM_CONVERSION = YES;
				CLANG_WARN_INFINITE_RECURSION = YES;
				CLANG_WARN_INT_CONVERSION = YES;
				CLANG_WARN_NON_LITERAL_NULL_CONVERSION = YES;
				CLANG_WARN_OBJC_IMPLICIT_RETAIN_SELF = YES;
				CLANG_WARN_OBJC_LITERAL_CONVERSION = YES;
				CLANG_WARN_OBJC_ROOT_CLASS = YES_ERROR;
				CLANG_WARN_QUOTED_INCLUDE_IN_FRAMEWORK_HEADER = YES;
				CLANG_WARN_RANGE_LOOP_ANALYSIS = YES;
				CLANG_WARN_STRICT_PROTOTYPES = YES;
				CLANG_WARN_SUSPICIOUS_MOVE = YES;
				CLANG_WARN_UNGUARDED_AVAILABILITY = YES_AGGRESSIVE;
				CLANG_WARN_UNREACHABLE_CODE = YES;
				CLANG_WARN__DUPLICATE_METHOD_MATCH = YES;
				COPY_PHASE_STRIP = NO;
				DEBUG_INFORMATION_FORMAT = "dwarf-with-dsym";
				ENABLE_NS_ASSERTIONS = NO;
				ENABLE_STRICT_OBJC_MSGSEND = YES;
				GCC_C_LANGUAGE_STANDARD = gnu11;
				GCC_NO_COMMON_BLOCKS = YES;
				GCC_WARN_64_TO_32_BIT_CONVERSION = YES;
				GCC_WARN_ABOUT_RETURN_TYPE = YES_ERROR;
				GCC_WARN_UNDECLARED_SELECTOR = YES;
				GCC_WARN_UNINITIALIZED_AUTOS = YES_AGGRESSIVE;
				GCC_WARN_UNUSED_FUNCTION = YES;
				GCC_WARN_UNUSED_VARIABLE = YES;
				IPHONEOS_DEPLOYMENT_TARGET = 16.4;
				MTL_ENABLE_DEBUG_INFO = NO;
				MTL_FAST_MATH = YES;
				SDKROOT = iphoneos;
				SWIFT_COMPILATION_MODE = wholemodule;
				SWIFT_OPTIMIZATION_LEVEL = "-O";
				VALIDATE_PRODUCT = YES;
			};
			name = Release;
		};
		31E170AF2AAFA690000A3805 /* Debug */ = {
			isa = XCBuildConfiguration;
			buildSettings = {
				ASSETCATALOG_COMPILER_APPICON_NAME = AppIcon;
				ASSETCATALOG_COMPILER_GLOBAL_ACCENT_COLOR_NAME = AccentColor;
				CODE_SIGN_STYLE = Automatic;
				CURRENT_PROJECT_VERSION = 1;
				GENERATE_INFOPLIST_FILE = YES;
				INFOPLIST_FILE = "iOS10-HW22 IsakovAnton/Resourses/Info.plist";
				INFOPLIST_KEY_UIApplicationSupportsIndirectInputEvents = YES;
				INFOPLIST_KEY_UILaunchStoryboardName = LaunchScreen;
				INFOPLIST_KEY_UISupportedInterfaceOrientations_iPad = "UIInterfaceOrientationPortrait UIInterfaceOrientationPortraitUpsideDown UIInterfaceOrientationLandscapeLeft UIInterfaceOrientationLandscapeRight";
				INFOPLIST_KEY_UISupportedInterfaceOrientations_iPhone = "UIInterfaceOrientationPortrait UIInterfaceOrientationLandscapeLeft UIInterfaceOrientationLandscapeRight";
				LD_RUNPATH_SEARCH_PATHS = (
					"$(inherited)",
					"@executable_path/Frameworks",
				);
				MARKETING_VERSION = 1.0;
				PRODUCT_BUNDLE_IDENTIFIER = "com.xxahtoxaxx2015-.iOS10-HW22-IsakovAnton";
				PRODUCT_NAME = "$(TARGET_NAME)";
				SWIFT_EMIT_LOC_STRINGS = YES;
				SWIFT_VERSION = 5.0;
				TARGETED_DEVICE_FAMILY = "1,2";
			};
			name = Debug;
		};
		31E170B02AAFA690000A3805 /* Release */ = {
			isa = XCBuildConfiguration;
			buildSettings = {
				ASSETCATALOG_COMPILER_APPICON_NAME = AppIcon;
				ASSETCATALOG_COMPILER_GLOBAL_ACCENT_COLOR_NAME = AccentColor;
				CODE_SIGN_STYLE = Automatic;
				CURRENT_PROJECT_VERSION = 1;
				GENERATE_INFOPLIST_FILE = YES;
				INFOPLIST_FILE = "iOS10-HW22 IsakovAnton/Resourses/Info.plist";
				INFOPLIST_KEY_UIApplicationSupportsIndirectInputEvents = YES;
				INFOPLIST_KEY_UILaunchStoryboardName = LaunchScreen;
				INFOPLIST_KEY_UISupportedInterfaceOrientations_iPad = "UIInterfaceOrientationPortrait UIInterfaceOrientationPortraitUpsideDown UIInterfaceOrientationLandscapeLeft UIInterfaceOrientationLandscapeRight";
				INFOPLIST_KEY_UISupportedInterfaceOrientations_iPhone = "UIInterfaceOrientationPortrait UIInterfaceOrientationLandscapeLeft UIInterfaceOrientationLandscapeRight";
				LD_RUNPATH_SEARCH_PATHS = (
					"$(inherited)",
					"@executable_path/Frameworks",
				);
				MARKETING_VERSION = 1.0;
				PRODUCT_BUNDLE_IDENTIFIER = "com.xxahtoxaxx2015-.iOS10-HW22-IsakovAnton";
				PRODUCT_NAME = "$(TARGET_NAME)";
				SWIFT_EMIT_LOC_STRINGS = YES;
				SWIFT_VERSION = 5.0;
				TARGETED_DEVICE_FAMILY = "1,2";
			};
			name = Release;
		};
/* End XCBuildConfiguration section */

/* Begin XCConfigurationList section */
		31E170952AAFA68C000A3805 /* Build configuration list for PBXProject "iOS10-HW22 IsakovAnton" */ = {
			isa = XCConfigurationList;
			buildConfigurations = (
				31E170AC2AAFA690000A3805 /* Debug */,
				31E170AD2AAFA690000A3805 /* Release */,
			);
			defaultConfigurationIsVisible = 0;
			defaultConfigurationName = Release;
		};
		31E170AE2AAFA690000A3805 /* Build configuration list for PBXNativeTarget "iOS10-HW22 IsakovAnton" */ = {
			isa = XCConfigurationList;
			buildConfigurations = (
				31E170AF2AAFA690000A3805 /* Debug */,
				31E170B02AAFA690000A3805 /* Release */,
			);
			defaultConfigurationIsVisible = 0;
			defaultConfigurationName = Release;
		};
/* End XCConfigurationList section */

/* Begin XCVersionGroup section */
		31E170B72AB89A70000A3805 /* Model.xcdatamodeld */ = {
			isa = XCVersionGroup;
			children = (
				31E170B82AB89A70000A3805 /* Model.xcdatamodel */,
			);
			currentVersion = 31E170B82AB89A70000A3805 /* Model.xcdatamodel */;
			path = Model.xcdatamodeld;
			sourceTree = "<group>";
			versionGroupType = wrapper.xcdatamodel;
		};
/* End XCVersionGroup section */
	};
	rootObject = 31E170922AAFA68C000A3805 /* Project object */;
}
